
Microsoft Visual Studio Solution File, Format Version 12.00
# Visual Studio 2013
VisualStudioVersion = 12.0.30501.0
MinimumVisualStudioVersion = 10.0.40219.1
Project("{FAE04EC0-301F-11D3-BF4B-00C04F79EFBC}") = "ProjectTwo", "ProjectTwo\ProjectTwo.csproj", "{F363AFD8-F8AF-4469-AD79-17EF68CF8212}"
EndProject
Project("{FAE04EC0-301F-11D3-BF4B-00C04F79EFBC}") = "WebShopData", "DAL\WebShopData.csproj", "{8EAE1CE1-C3D0-4939-A35C-E2AA1F900BA0}"
EndProject
Global
	GlobalSection(SolutionConfigurationPlatforms) = preSolution
		Debug|Any CPU = Debug|Any CPU
		Release|Any CPU = Release|Any CPU
	EndGlobalSection
	GlobalSection(ProjectConfigurationPlatforms) = postSolution
		{F363AFD8-F8AF-4469-AD79-17EF68CF8212}.Debug|Any CPU.ActiveCfg = Debug|Any CPU
		{F363AFD8-F8AF-4469-AD79-17EF68CF8212}.Debug|Any CPU.Build.0 = Debug|Any CPU
		{F363AFD8-F8AF-4469-AD79-17EF68CF8212}.Release|Any CPU.ActiveCfg = Release|Any CPU
		{F363AFD8-F8AF-4469-AD79-17EF68CF8212}.Release|Any CPU.Build.0 = Release|Any CPU
		{8EAE1CE1-C3D0-4939-A35C-E2AA1F900BA0}.Debug|Any CPU.ActiveCfg = Debug|Any CPU
		{8EAE1CE1-C3D0-4939-A35C-E2AA1F900BA0}.Debug|Any CPU.Build.0 = Debug|Any CPU
		{8EAE1CE1-C3D0-4939-A35C-E2AA1F900BA0}.Release|Any CPU.ActiveCfg = Release|Any CPU
		{8EAE1CE1-C3D0-4939-A35C-E2AA1F900BA0}.Release|Any CPU.Build.0 = Release|Any CPU
	EndGlobalSection
	GlobalSection(SolutionProperties) = preSolution
		HideSolutionNode = FALSE
	EndGlobalSection
EndGlobal
